<?xml version="1.0" encoding="utf-8"?>
<Project ToolsVersion="4.0" xmlns="http://schemas.microsoft.com/developer/msbuild/2003">
  <ItemGroup>
    <Filter Include="Source Files">
      <UniqueIdentifier>{87adc1c1-fccc-4913-81e2-5d6c92bb3d73}</UniqueIdentifier>
      <Extensions>cpp;c;cxx;rc;def;r;odl;idl;hpj;bat</Extensions>
    </Filter>
    <Filter Include="Header Files">
      <UniqueIdentifier>{91ca39ee-68c6-4683-8baf-097869c1b335}</UniqueIdentifier>
      <Extensions>h;hpp;hxx;hm;inl</Extensions>
    </Filter>
    <Filter Include="Resource Files">
      <UniqueIdentifier>{df9fdbb3-b80c-4ef9-89de-670b5938f3b8}</UniqueIdentifier>
      <Extensions>ico;cur;bmp;dlg;rc2;rct;bin;rgs;gif;jpg;jpeg;jpe</Extensions>
    </Filter>
  </ItemGroup>
  <ItemGroup>
    <ClCompile Include="bwrs.cpp">
      <Filter>Source Files</Filter>
    </ClCompile>
    <ClCompile Include="main.cpp">
      <Filter>Source Files</Filter>
    </ClCompile>
    <ClCompile Include="meshan.cpp">
      <Filter>Source Files</Filter>
    </ClCompile>
    <ClCompile Include="..\..\..\CUnits\CUnitsHarness\units.cpp">
      <Filter>Source Files</Filter>
    </ClCompile>
    <ClCompile Include="..\..\..\FilterCDF\filtercdf.cpp">
      <Filter>Source Files</Filter>
    </ClCompile>
    <ClCompile Include="..\..\..\FilterCDF\jsctime.cpp">
      <Filter>Source Files</Filter>
    </ClCompile>
    <ClCompile Include="..\eosmodel.cpp">
      <Filter>Source Files</Filter>
    </ClCompile>
  </ItemGroup>
  <ItemGroup>
    <ClInclude Include="bwrs.h">
      <Filter>Header Files</Filter>
    </ClInclude>
    <ClInclude Include="FluidProp.h">
      <Filter>Header Files</Filter>
    </ClInclude>
    <ClInclude Include="jsctime.h">
      <Filter>Header Files</Filter>
    </ClInclude>
    <ClInclude Include="logfile.h">
      <Filter>Header Files</Filter>
    </ClInclude>
    <ClInclude Include="meshan.h">
      <Filter>Header Files</Filter>
    </ClInclude>
    <ClInclude Include="units.h">
      <Filter>Header Files</Filter>
    </ClInclude>
    <ClInclude Include="..\..\..\FilterCDF\filtercdf.h">
      <Filter>Header Files</Filter>
    </ClInclude>
    <ClInclude Include="..\eosmodel.h">
      <Filter>Header Files</Filter>
    </ClInclude>
  </ItemGroup>
</Project>