<?xml version="1.0" encoding="utf-8"?>
<Project ToolsVersion="4.0" xmlns="http://schemas.microsoft.com/developer/msbuild/2003">
  <ItemGroup>
    <Filter Include="Source Files">
      <UniqueIdentifier>{9d4ef90f-f582-4e72-acf2-e905d2dbf811}</UniqueIdentifier>
      <Extensions>cpp;c;cxx;rc;def;r;odl;idl;hpj;bat</Extensions>
    </Filter>
    <Filter Include="Header Files">
      <UniqueIdentifier>{ea387514-3774-417d-b1e2-b1c078600cae}</UniqueIdentifier>
      <Extensions>h;hpp;hxx;hm;inl</Extensions>
    </Filter>
    <Filter Include="Resource Files">
      <UniqueIdentifier>{2fd45aca-2cb8-4de7-ac84-31bef4de5778}</UniqueIdentifier>
      <Extensions>ico;cur;bmp;dlg;rc2;rct;bin;rgs;gif;jpg;jpeg;jpe</Extensions>
    </Filter>
  </ItemGroup>
  <ItemGroup>
    <ClCompile Include="CEOSModelHarness\CBWRSHarness\bwrs.cpp">
      <Filter>Source Files</Filter>
    </ClCompile>
    <ClCompile Include="CEOSModelHarness\eosmodel.cpp">
      <Filter>Source Files</Filter>
    </ClCompile>
    <ClCompile Include="GasAnalysisFunctions.cpp">
      <Filter>Source Files</Filter>
    </ClCompile>
    <ClCompile Include="CEOSModelHarness\meshan.cpp">
      <Filter>Source Files</Filter>
    </ClCompile>
    <ClCompile Include="StdAfx.cpp">
      <Filter>Source Files</Filter>
    </ClCompile>
  </ItemGroup>
  <ItemGroup>
    <None Include="GasAnalysisFunctions.def">
      <Filter>Source Files</Filter>
    </None>
  </ItemGroup>
  <ItemGroup>
    <ClInclude Include="bwrs.h">
      <Filter>Header Files</Filter>
    </ClInclude>
    <ClInclude Include="CEOSModelHarness\eosmodel.h">
      <Filter>Header Files</Filter>
    </ClInclude>
    <ClInclude Include="FluidProp.h">
      <Filter>Header Files</Filter>
    </ClInclude>
    <ClInclude Include="GasAnalysisFunctions.h">
      <Filter>Header Files</Filter>
    </ClInclude>
    <ClInclude Include="logfile.h">
      <Filter>Header Files</Filter>
    </ClInclude>
    <ClInclude Include="CEOSModelHarness\meshan.h">
      <Filter>Header Files</Filter>
    </ClInclude>
    <ClInclude Include="StdAfx.h">
      <Filter>Header Files</Filter>
    </ClInclude>
    <ClInclude Include="units.h">
      <Filter>Header Files</Filter>
    </ClInclude>
  </ItemGroup>
  <ItemGroup>
    <Library Include="H:\Applications_SW\cpp\Toolbox\CUnits\x64\Debug\CUnits.lib">
      <Filter>Source Files</Filter>
    </Library>
  </ItemGroup>
</Project>