<?xml version="1.0" encoding="utf-8"?>
<Project ToolsVersion="4.0" xmlns="http://schemas.microsoft.com/developer/msbuild/2003">
  <ItemGroup>
    <Filter Include="Source Files">
      <UniqueIdentifier>{75ff0c5a-5e3b-4f32-ba5f-af8ba486c5a8}</UniqueIdentifier>
      <Extensions>cpp;c;cxx;rc;def;r;odl;idl;hpj;bat</Extensions>
    </Filter>
    <Filter Include="Header Files">
      <UniqueIdentifier>{198976af-06b2-44b5-b374-e0164de16df4}</UniqueIdentifier>
      <Extensions>h;hpp;hxx;hm;inl</Extensions>
    </Filter>
    <Filter Include="Resource Files">
      <UniqueIdentifier>{9b5c67a3-fde5-4cec-b84e-4d48da80203e}</UniqueIdentifier>
      <Extensions>ico;cur;bmp;dlg;rc2;rct;bin;rgs;gif;jpg;jpeg;jpe</Extensions>
    </Filter>
  </ItemGroup>
  <ItemGroup>
    <ClCompile Include="crashtestdummy.cpp">
      <Filter>Source Files</Filter>
    </ClCompile>
    <ClCompile Include="eosmodel.cpp">
      <Filter>Source Files</Filter>
    </ClCompile>
    <ClCompile Include="logfile.cpp">
      <Filter>Source Files</Filter>
    </ClCompile>
    <ClCompile Include="main.cpp">
      <Filter>Source Files</Filter>
    </ClCompile>
    <ClCompile Include="meshan.cpp">
      <Filter>Source Files</Filter>
    </ClCompile>
    <ClCompile Include="..\..\CUnits\CUnitsHarness\units.cpp">
      <Filter>Source Files</Filter>
    </ClCompile>
  </ItemGroup>
  <ItemGroup>
    <ClInclude Include="crashtestdummy.h">
      <Filter>Header Files</Filter>
    </ClInclude>
    <ClInclude Include="eosmodel.h">
      <Filter>Header Files</Filter>
    </ClInclude>
    <ClInclude Include="FluidProp.h">
      <Filter>Header Files</Filter>
    </ClInclude>
    <ClInclude Include="logfile.h">
      <Filter>Header Files</Filter>
    </ClInclude>
    <ClInclude Include="meshan.h">
      <Filter>Header Files</Filter>
    </ClInclude>
    <ClInclude Include="units.h">
      <Filter>Header Files</Filter>
    </ClInclude>
  </ItemGroup>
</Project>