<?xml version="1.0" encoding="utf-8"?>
<Project ToolsVersion="4.0" xmlns="http://schemas.microsoft.com/developer/msbuild/2003">
  <ItemGroup>
    <Filter Include="Source Files">
      <UniqueIdentifier>{8dededf4-051c-43fc-be8b-9da1c126c6c1}</UniqueIdentifier>
      <Extensions>cpp;c;cxx;rc;def;r;odl;idl;hpj;bat</Extensions>
    </Filter>
    <Filter Include="Header Files">
      <UniqueIdentifier>{40b2f5da-9cf1-470d-bb52-91d339e0dda6}</UniqueIdentifier>
      <Extensions>h;hpp;hxx;hm;inl</Extensions>
    </Filter>
    <Filter Include="Resource Files">
      <UniqueIdentifier>{07036eb7-df4b-4b03-b4dc-bb9e7bccbe07}</UniqueIdentifier>
      <Extensions>ico;cur;bmp;dlg;rc2;rct;bin;rgs;gif;jpg;jpeg;jpe</Extensions>
    </Filter>
  </ItemGroup>
  <ItemGroup>
    <ClCompile Include="CompExp.cpp">
      <Filter>Source Files</Filter>
    </ClCompile>
    <ClCompile Include="fpoly.cpp">
      <Filter>Source Files</Filter>
    </ClCompile>
    <ClCompile Include="main.cpp">
      <Filter>Source Files</Filter>
    </ClCompile>
    <ClCompile Include="MathDll.cpp">
      <Filter>Source Files</Filter>
    </ClCompile>
    <ClCompile Include="polynomial.cpp">
      <Filter>Source Files</Filter>
    </ClCompile>
    <ClCompile Include="PressureCurveAnalytics.cpp">
      <Filter>Source Files</Filter>
    </ClCompile>
    <ClCompile Include="pythag.cpp">
      <Filter>Source Files</Filter>
    </ClCompile>
    <ClCompile Include="svbksb.cpp">
      <Filter>Source Files</Filter>
    </ClCompile>
    <ClCompile Include="svdcmp.cpp">
      <Filter>Source Files</Filter>
    </ClCompile>
    <ClCompile Include="svdfit.cpp">
      <Filter>Source Files</Filter>
    </ClCompile>
    <ClCompile Include="..\..\CUnits\CUnitsHarness\units.cpp">
      <Filter>Source Files</Filter>
    </ClCompile>
    <ClCompile Include="..\..\Mech Analysis\CCrankSliderHarness\CrankSlider.cpp">
      <Filter>Source Files</Filter>
    </ClCompile>
  </ItemGroup>
  <ItemGroup>
    <ClInclude Include="CompExp.h">
      <Filter>Header Files</Filter>
    </ClInclude>
    <ClInclude Include="math_algorithm.h">
      <Filter>Header Files</Filter>
    </ClInclude>
    <ClInclude Include="MathDll.h">
      <Filter>Header Files</Filter>
    </ClInclude>
    <ClInclude Include="nr.h">
      <Filter>Header Files</Filter>
    </ClInclude>
    <ClInclude Include="nrtypes.h">
      <Filter>Header Files</Filter>
    </ClInclude>
    <ClInclude Include="nrtypes_nr.h">
      <Filter>Header Files</Filter>
    </ClInclude>
    <ClInclude Include="nrutil.h">
      <Filter>Header Files</Filter>
    </ClInclude>
    <ClInclude Include="nrutil_nr.h">
      <Filter>Header Files</Filter>
    </ClInclude>
    <ClInclude Include="polynomial.h">
      <Filter>Header Files</Filter>
    </ClInclude>
    <ClInclude Include="PressureCurveAnalytics.h">
      <Filter>Header Files</Filter>
    </ClInclude>
    <ClInclude Include="..\..\CUnits\CUnitsHarness\units.h">
      <Filter>Header Files</Filter>
    </ClInclude>
    <ClInclude Include="..\..\Mech Analysis\CCrankSliderHarness\CrankSlider.h">
      <Filter>Header Files</Filter>
    </ClInclude>
  </ItemGroup>
</Project>